
Microsoft Visual Studio Solution File, Format Version 12.00
# Visual Studio Version 17
VisualStudioVersion = 17.13.35931.197 d17.13
MinimumVisualStudioVersion = 10.0.40219.1
Project("{FAE04EC0-301F-11D3-BF4B-00C04F79EFBC}") = "ChessGameApplication", "ChessGameApplication\ChessGameApplication.csproj", "{8829BEDA-E597-49D3-9E7A-7C275D95D331}"
EndProject
Global
	GlobalSection(SolutionConfigurationPlatforms) = preSolution
		Debug|Any CPU = Debug|Any CPU
		Release|Any CPU = Release|Any CPU
	EndGlobalSection
	GlobalSection(ProjectConfigurationPlatforms) = postSolution
		{8829BEDA-E597-49D3-9E7A-7C275D95D331}.Debug|Any CPU.ActiveCfg = Debug|Any CPU
		{8829BEDA-E597-49D3-9E7A-7C275D95D331}.Debug|Any CPU.Build.0 = Debug|Any CPU
		{8829BEDA-E597-49D3-9E7A-7C275D95D331}.Release|Any CPU.ActiveCfg = Release|Any CPU
		{8829BEDA-E597-49D3-9E7A-7C275D95D331}.Release|Any CPU.Build.0 = Release|Any CPU
	EndGlobalSection
	GlobalSection(SolutionProperties) = preSolution
		HideSolutionNode = FALSE
	EndGlobalSection
	GlobalSection(ExtensibilityGlobals) = postSolution
		SolutionGuid = {FE9CB7D3-6778-46E1-A3BF-8640274318FD}
	EndGlobalSection
EndGlobal
